
Microsoft Visual Studio Solution File, Format Version 12.00
# Visual Studio Version 16
VisualStudioVersion = 16.0.28516.95
MinimumVisualStudioVersion = 10.0.40219.1
Project("{9A19103F-16F7-4668-BE54-9A1E7A4F7556}") = "Syrus.Core", "Syrus.Core\Syrus.Core.csproj", "{B8D322D1-97CE-4C1E-96FF-9ED7ED62521F}"
EndProject
Project("{9A19103F-16F7-4668-BE54-9A1E7A4F7556}") = "Syrus.Plugin", "Syrus.Plugin\Syrus.Plugin.csproj", "{D21C4BFB-C67C-4960-988E-75E740581E6C}"
EndProject
Project("{9A19103F-16F7-4668-BE54-9A1E7A4F7556}") = "Syrus.Test", "Syrus.Test\Syrus.Test.csproj", "{2A4C4C94-D31A-4775-AF52-88731E96BDB2}"
EndProject
Project("{2150E333-8FDC-42A3-9474-1A3956D46DE8}") = "Plugins", "Plugins", "{CDD23E2D-8382-450C-9933-DFD5F2EF435B}"
EndProject
Project("{9A19103F-16F7-4668-BE54-9A1E7A4F7556}") = "Syrus.Plugins.Wiki", "Syrus.Plugins.Wiki\Syrus.Plugins.Wiki.csproj", "{27047A10-62B4-4A69-B384-62E92C2C2ACC}"
EndProject
Project("{9A19103F-16F7-4668-BE54-9A1E7A4F7556}") = "Syrus.Plugins.Google", "Syrus.Plugins.Google\Syrus.Plugins.Google.csproj", "{58D8074A-04C3-4D1E-80EC-A73DBA46FDB8}"
EndProject
Project("{FAE04EC0-301F-11D3-BF4B-00C04F79EFBC}") = "Syrus", "Syrus\Syrus.csproj", "{D7D6C218-F410-44FB-BAE3-BA7FE7C335C1}"
EndProject
Global
	GlobalSection(SolutionConfigurationPlatforms) = preSolution
		Debug|Any CPU = Debug|Any CPU
		Debug|ARM = Debug|ARM
		Debug|ARM64 = Debug|ARM64
		Debug|x64 = Debug|x64
		Debug|x86 = Debug|x86
		Release|Any CPU = Release|Any CPU
		Release|ARM = Release|ARM
		Release|ARM64 = Release|ARM64
		Release|x64 = Release|x64
		Release|x86 = Release|x86
	EndGlobalSection
	GlobalSection(ProjectConfigurationPlatforms) = postSolution
		{B8D322D1-97CE-4C1E-96FF-9ED7ED62521F}.Debug|Any CPU.ActiveCfg = Debug|Any CPU
		{B8D322D1-97CE-4C1E-96FF-9ED7ED62521F}.Debug|Any CPU.Build.0 = Debug|Any CPU
		{B8D322D1-97CE-4C1E-96FF-9ED7ED62521F}.Debug|ARM.ActiveCfg = Debug|Any CPU
		{B8D322D1-97CE-4C1E-96FF-9ED7ED62521F}.Debug|ARM.Build.0 = Debug|Any CPU
		{B8D322D1-97CE-4C1E-96FF-9ED7ED62521F}.Debug|ARM64.ActiveCfg = Debug|Any CPU
		{B8D322D1-97CE-4C1E-96FF-9ED7ED62521F}.Debug|ARM64.Build.0 = Debug|Any CPU
		{B8D322D1-97CE-4C1E-96FF-9ED7ED62521F}.Debug|x64.ActiveCfg = Debug|Any CPU
		{B8D322D1-97CE-4C1E-96FF-9ED7ED62521F}.Debug|x64.Build.0 = Debug|Any CPU
		{B8D322D1-97CE-4C1E-96FF-9ED7ED62521F}.Debug|x86.ActiveCfg = Debug|Any CPU
		{B8D322D1-97CE-4C1E-96FF-9ED7ED62521F}.Debug|x86.Build.0 = Debug|Any CPU
		{B8D322D1-97CE-4C1E-96FF-9ED7ED62521F}.Release|Any CPU.ActiveCfg = Release|Any CPU
		{B8D322D1-97CE-4C1E-96FF-9ED7ED62521F}.Release|Any CPU.Build.0 = Release|Any CPU
		{B8D322D1-97CE-4C1E-96FF-9ED7ED62521F}.Release|ARM.ActiveCfg = Release|Any CPU
		{B8D322D1-97CE-4C1E-96FF-9ED7ED62521F}.Release|ARM.Build.0 = Release|Any CPU
		{B8D322D1-97CE-4C1E-96FF-9ED7ED62521F}.Release|ARM64.ActiveCfg = Release|Any CPU
		{B8D322D1-97CE-4C1E-96FF-9ED7ED62521F}.Release|ARM64.Build.0 = Release|Any CPU
		{B8D322D1-97CE-4C1E-96FF-9ED7ED62521F}.Release|x64.ActiveCfg = Release|Any CPU
		{B8D322D1-97CE-4C1E-96FF-9ED7ED62521F}.Release|x64.Build.0 = Release|Any CPU
		{B8D322D1-97CE-4C1E-96FF-9ED7ED62521F}.Release|x86.ActiveCfg = Release|Any CPU
		{B8D322D1-97CE-4C1E-96FF-9ED7ED62521F}.Release|x86.Build.0 = Release|Any CPU
		{D21C4BFB-C67C-4960-988E-75E740581E6C}.Debug|Any CPU.ActiveCfg = Debug|Any CPU
		{D21C4BFB-C67C-4960-988E-75E740581E6C}.Debug|Any CPU.Build.0 = Debug|Any CPU
		{D21C4BFB-C67C-4960-988E-75E740581E6C}.Debug|ARM.ActiveCfg = Debug|Any CPU
		{D21C4BFB-C67C-4960-988E-75E740581E6C}.Debug|ARM.Build.0 = Debug|Any CPU
		{D21C4BFB-C67C-4960-988E-75E740581E6C}.Debug|ARM64.ActiveCfg = Debug|Any CPU
		{D21C4BFB-C67C-4960-988E-75E740581E6C}.Debug|ARM64.Build.0 = Debug|Any CPU
		{D21C4BFB-C67C-4960-988E-75E740581E6C}.Debug|x64.ActiveCfg = Debug|Any CPU
		{D21C4BFB-C67C-4960-988E-75E740581E6C}.Debug|x64.Build.0 = Debug|Any CPU
		{D21C4BFB-C67C-4960-988E-75E740581E6C}.Debug|x86.ActiveCfg = Debug|Any CPU
		{D21C4BFB-C67C-4960-988E-75E740581E6C}.Debug|x86.Build.0 = Debug|Any CPU
		{D21C4BFB-C67C-4960-988E-75E740581E6C}.Release|Any CPU.ActiveCfg = Release|Any CPU
		{D21C4BFB-C67C-4960-988E-75E740581E6C}.Release|Any CPU.Build.0 = Release|Any CPU
		{D21C4BFB-C67C-4960-988E-75E740581E6C}.Release|ARM.ActiveCfg = Release|Any CPU
		{D21C4BFB-C67C-4960-988E-75E740581E6C}.Release|ARM.Build.0 = Release|Any CPU
		{D21C4BFB-C67C-4960-988E-75E740581E6C}.Release|ARM64.ActiveCfg = Release|Any CPU
		{D21C4BFB-C67C-4960-988E-75E740581E6C}.Release|ARM64.Build.0 = Release|Any CPU
		{D21C4BFB-C67C-4960-988E-75E740581E6C}.Release|x64.ActiveCfg = Release|Any CPU
		{D21C4BFB-C67C-4960-988E-75E740581E6C}.Release|x64.Build.0 = Release|Any CPU
		{D21C4BFB-C67C-4960-988E-75E740581E6C}.Release|x86.ActiveCfg = Release|Any CPU
		{D21C4BFB-C67C-4960-988E-75E740581E6C}.Release|x86.Build.0 = Release|Any CPU
		{2A4C4C94-D31A-4775-AF52-88731E96BDB2}.Debug|Any CPU.ActiveCfg = Debug|Any CPU
		{2A4C4C94-D31A-4775-AF52-88731E96BDB2}.Debug|Any CPU.Build.0 = Debug|Any CPU
		{2A4C4C94-D31A-4775-AF52-88731E96BDB2}.Debug|ARM.ActiveCfg = Debug|Any CPU
		{2A4C4C94-D31A-4775-AF52-88731E96BDB2}.Debug|ARM.Build.0 = Debug|Any CPU
		{2A4C4C94-D31A-4775-AF52-88731E96BDB2}.Debug|ARM64.ActiveCfg = Debug|Any CPU
		{2A4C4C94-D31A-4775-AF52-88731E96BDB2}.Debug|ARM64.Build.0 = Debug|Any CPU
		{2A4C4C94-D31A-4775-AF52-88731E96BDB2}.Debug|x64.ActiveCfg = Debug|Any CPU
		{2A4C4C94-D31A-4775-AF52-88731E96BDB2}.Debug|x64.Build.0 = Debug|Any CPU
		{2A4C4C94-D31A-4775-AF52-88731E96BDB2}.Debug|x86.ActiveCfg = Debug|Any CPU
		{2A4C4C94-D31A-4775-AF52-88731E96BDB2}.Debug|x86.Build.0 = Debug|Any CPU
		{2A4C4C94-D31A-4775-AF52-88731E96BDB2}.Release|Any CPU.ActiveCfg = Release|Any CPU
		{2A4C4C94-D31A-4775-AF52-88731E96BDB2}.Release|Any CPU.Build.0 = Release|Any CPU
		{2A4C4C94-D31A-4775-AF52-88731E96BDB2}.Release|ARM.ActiveCfg = Release|Any CPU
		{2A4C4C94-D31A-4775-AF52-88731E96BDB2}.Release|ARM.Build.0 = Release|Any CPU
		{2A4C4C94-D31A-4775-AF52-88731E96BDB2}.Release|ARM64.ActiveCfg = Release|Any CPU
		{2A4C4C94-D31A-4775-AF52-88731E96BDB2}.Release|ARM64.Build.0 = Release|Any CPU
		{2A4C4C94-D31A-4775-AF52-88731E96BDB2}.Release|x64.ActiveCfg = Release|Any CPU
		{2A4C4C94-D31A-4775-AF52-88731E96BDB2}.Release|x64.Build.0 = Release|Any CPU
		{2A4C4C94-D31A-4775-AF52-88731E96BDB2}.Release|x86.ActiveCfg = Release|Any CPU
		{2A4C4C94-D31A-4775-AF52-88731E96BDB2}.Release|x86.Build.0 = Release|Any CPU
		{27047A10-62B4-4A69-B384-62E92C2C2ACC}.Debug|Any CPU.ActiveCfg = Debug|Any CPU
		{27047A10-62B4-4A69-B384-62E92C2C2ACC}.Debug|Any CPU.Build.0 = Debug|Any CPU
		{27047A10-62B4-4A69-B384-62E92C2C2ACC}.Debug|ARM.ActiveCfg = Debug|Any CPU
		{27047A10-62B4-4A69-B384-62E92C2C2ACC}.Debug|ARM.Build.0 = Debug|Any CPU
		{27047A10-62B4-4A69-B384-62E92C2C2ACC}.Debug|ARM64.ActiveCfg = Debug|Any CPU
		{27047A10-62B4-4A69-B384-62E92C2C2ACC}.Debug|ARM64.Build.0 = Debug|Any CPU
		{27047A10-62B4-4A69-B384-62E92C2C2ACC}.Debug|x64.ActiveCfg = Debug|Any CPU
		{27047A10-62B4-4A69-B384-62E92C2C2ACC}.Debug|x64.Build.0 = Debug|Any CPU
		{27047A10-62B4-4A69-B384-62E92C2C2ACC}.Debug|x86.ActiveCfg = Debug|Any CPU
		{27047A10-62B4-4A69-B384-62E92C2C2ACC}.Debug|x86.Build.0 = Debug|Any CPU
		{27047A10-62B4-4A69-B384-62E92C2C2ACC}.Release|Any CPU.ActiveCfg = Release|Any CPU
		{27047A10-62B4-4A69-B384-62E92C2C2ACC}.Release|Any CPU.Build.0 = Release|Any CPU
		{27047A10-62B4-4A69-B384-62E92C2C2ACC}.Release|ARM.ActiveCfg = Release|Any CPU
		{27047A10-62B4-4A69-B384-62E92C2C2ACC}.Release|ARM.Build.0 = Release|Any CPU
		{27047A10-62B4-4A69-B384-62E92C2C2ACC}.Release|ARM64.ActiveCfg = Release|Any CPU
		{27047A10-62B4-4A69-B384-62E92C2C2ACC}.Release|ARM64.Build.0 = Release|Any CPU
		{27047A10-62B4-4A69-B384-62E92C2C2ACC}.Release|x64.ActiveCfg = Release|Any CPU
		{27047A10-62B4-4A69-B384-62E92C2C2ACC}.Release|x64.Build.0 = Release|Any CPU
		{27047A10-62B4-4A69-B384-62E92C2C2ACC}.Release|x86.ActiveCfg = Release|Any CPU
		{27047A10-62B4-4A69-B384-62E92C2C2ACC}.Release|x86.Build.0 = Release|Any CPU
		{58D8074A-04C3-4D1E-80EC-A73DBA46FDB8}.Debug|Any CPU.ActiveCfg = Debug|Any CPU
		{58D8074A-04C3-4D1E-80EC-A73DBA46FDB8}.Debug|Any CPU.Build.0 = Debug|Any CPU
		{58D8074A-04C3-4D1E-80EC-A73DBA46FDB8}.Debug|ARM.ActiveCfg = Debug|Any CPU
		{58D8074A-04C3-4D1E-80EC-A73DBA46FDB8}.Debug|ARM.Build.0 = Debug|Any CPU
		{58D8074A-04C3-4D1E-80EC-A73DBA46FDB8}.Debug|ARM64.ActiveCfg = Debug|Any CPU
		{58D8074A-04C3-4D1E-80EC-A73DBA46FDB8}.Debug|ARM64.Build.0 = Debug|Any CPU
		{58D8074A-04C3-4D1E-80EC-A73DBA46FDB8}.Debug|x64.ActiveCfg = Debug|Any CPU
		{58D8074A-04C3-4D1E-80EC-A73DBA46FDB8}.Debug|x64.Build.0 = Debug|Any CPU
		{58D8074A-04C3-4D1E-80EC-A73DBA46FDB8}.Debug|x86.ActiveCfg = Debug|Any CPU
		{58D8074A-04C3-4D1E-80EC-A73DBA46FDB8}.Debug|x86.Build.0 = Debug|Any CPU
		{58D8074A-04C3-4D1E-80EC-A73DBA46FDB8}.Release|Any CPU.ActiveCfg = Release|Any CPU
		{58D8074A-04C3-4D1E-80EC-A73DBA46FDB8}.Release|Any CPU.Build.0 = Release|Any CPU
		{58D8074A-04C3-4D1E-80EC-A73DBA46FDB8}.Release|ARM.ActiveCfg = Release|Any CPU
		{58D8074A-04C3-4D1E-80EC-A73DBA46FDB8}.Release|ARM.Build.0 = Release|Any CPU
		{58D8074A-04C3-4D1E-80EC-A73DBA46FDB8}.Release|ARM64.ActiveCfg = Release|Any CPU
		{58D8074A-04C3-4D1E-80EC-A73DBA46FDB8}.Release|ARM64.Build.0 = Release|Any CPU
		{58D8074A-04C3-4D1E-80EC-A73DBA46FDB8}.Release|x64.ActiveCfg = Release|Any CPU
		{58D8074A-04C3-4D1E-80EC-A73DBA46FDB8}.Release|x64.Build.0 = Release|Any CPU
		{58D8074A-04C3-4D1E-80EC-A73DBA46FDB8}.Release|x86.ActiveCfg = Release|Any CPU
		{58D8074A-04C3-4D1E-80EC-A73DBA46FDB8}.Release|x86.Build.0 = Release|Any CPU
		{D7D6C218-F410-44FB-BAE3-BA7FE7C335C1}.Debug|Any CPU.ActiveCfg = Debug|Any CPU
		{D7D6C218-F410-44FB-BAE3-BA7FE7C335C1}.Debug|Any CPU.Build.0 = Debug|Any CPU
		{D7D6C218-F410-44FB-BAE3-BA7FE7C335C1}.Debug|ARM.ActiveCfg = Debug|Any CPU
		{D7D6C218-F410-44FB-BAE3-BA7FE7C335C1}.Debug|ARM.Build.0 = Debug|Any CPU
		{D7D6C218-F410-44FB-BAE3-BA7FE7C335C1}.Debug|ARM64.ActiveCfg = Debug|Any CPU
		{D7D6C218-F410-44FB-BAE3-BA7FE7C335C1}.Debug|ARM64.Build.0 = Debug|Any CPU
		{D7D6C218-F410-44FB-BAE3-BA7FE7C335C1}.Debug|x64.ActiveCfg = Debug|Any CPU
		{D7D6C218-F410-44FB-BAE3-BA7FE7C335C1}.Debug|x64.Build.0 = Debug|Any CPU
		{D7D6C218-F410-44FB-BAE3-BA7FE7C335C1}.Debug|x86.ActiveCfg = Debug|Any CPU
		{D7D6C218-F410-44FB-BAE3-BA7FE7C335C1}.Debug|x86.Build.0 = Debug|Any CPU
		{D7D6C218-F410-44FB-BAE3-BA7FE7C335C1}.Release|Any CPU.ActiveCfg = Release|Any CPU
		{D7D6C218-F410-44FB-BAE3-BA7FE7C335C1}.Release|Any CPU.Build.0 = Release|Any CPU
		{D7D6C218-F410-44FB-BAE3-BA7FE7C335C1}.Release|ARM.ActiveCfg = Release|Any CPU
		{D7D6C218-F410-44FB-BAE3-BA7FE7C335C1}.Release|ARM.Build.0 = Release|Any CPU
		{D7D6C218-F410-44FB-BAE3-BA7FE7C335C1}.Release|ARM64.ActiveCfg = Release|Any CPU
		{D7D6C218-F410-44FB-BAE3-BA7FE7C335C1}.Release|ARM64.Build.0 = Release|Any CPU
		{D7D6C218-F410-44FB-BAE3-BA7FE7C335C1}.Release|x64.ActiveCfg = Release|Any CPU
		{D7D6C218-F410-44FB-BAE3-BA7FE7C335C1}.Release|x64.Build.0 = Release|Any CPU
		{D7D6C218-F410-44FB-BAE3-BA7FE7C335C1}.Release|x86.ActiveCfg = Release|Any CPU
		{D7D6C218-F410-44FB-BAE3-BA7FE7C335C1}.Release|x86.Build.0 = Release|Any CPU
	EndGlobalSection
	GlobalSection(SolutionProperties) = preSolution
		HideSolutionNode = FALSE
	EndGlobalSection
	GlobalSection(NestedProjects) = preSolution
		{27047A10-62B4-4A69-B384-62E92C2C2ACC} = {CDD23E2D-8382-450C-9933-DFD5F2EF435B}
		{58D8074A-04C3-4D1E-80EC-A73DBA46FDB8} = {CDD23E2D-8382-450C-9933-DFD5F2EF435B}
	EndGlobalSection
	GlobalSection(ExtensibilityGlobals) = postSolution
		SolutionGuid = {D9BE9422-F363-4BB7-91FA-2C03EDF61658}
	EndGlobalSection
EndGlobal
