
Microsoft Visual Studio Solution File, Format Version 12.00
# Visual Studio Version 16
VisualStudioVersion = 16.0.28516.95
MinimumVisualStudioVersion = 10.0.40219.1
Project("{9A19103F-16F7-4668-BE54-9A1E7A4F7556}") = "Syrus.Core", "Syrus.Core\Syrus.Core.csproj", "{B8D322D1-97CE-4C1E-96FF-9ED7ED62521F}"
EndProject
Project("{9A19103F-16F7-4668-BE54-9A1E7A4F7556}") = "Syrus.Test", "Syrus.Test\Syrus.Test.csproj", "{2A4C4C94-D31A-4775-AF52-88731E96BDB2}"
EndProject
Project("{2150E333-8FDC-42A3-9474-1A3956D46DE8}") = "Plugins", "Plugins", "{CDD23E2D-8382-450C-9933-DFD5F2EF435B}"
EndProject
Project("{9A19103F-16F7-4668-BE54-9A1E7A4F7556}") = "Syrus", "Syrus\Syrus.csproj", "{747C174E-C2F2-4A0B-B52D-EF7AE8AB287D}"
EndProject
Project("{9A19103F-16F7-4668-BE54-9A1E7A4F7556}") = "Syrus.Plugin", "Syrus.Plugin\Syrus.Plugin.csproj", "{287FA7A9-CA84-4B8E-A716-5B120BE684F3}"
EndProject
Project("{9A19103F-16F7-4668-BE54-9A1E7A4F7556}") = "Syrus.Styles", "Syrus.Styles\Syrus.Styles.csproj", "{3615CC0F-EFAC-4EFD-86F4-0B0344B96434}"
EndProject
Project("{9A19103F-16F7-4668-BE54-9A1E7A4F7556}") = "Syrus.Plugins.Applications", "Plugins\Syrus.Plugins.Applications\Syrus.Plugins.Applications.csproj", "{B0AC1DF3-5842-4CB9-8C27-519CDAABF037}"
EndProject
Project("{9A19103F-16F7-4668-BE54-9A1E7A4F7556}") = "Syrus.Plugins.Calculator", "Plugins\Syrus.Plugins.Calculator\Syrus.Plugins.Calculator.csproj", "{52AD4289-602E-45DE-8027-3AD764BF77AE}"
EndProject
Project("{9A19103F-16F7-4668-BE54-9A1E7A4F7556}") = "Syrus.Plugins.Google", "Plugins\Syrus.Plugins.Google\Syrus.Plugins.Google.csproj", "{D181A2E1-8DDD-4894-801C-65DD3E8B7119}"
EndProject
Project("{9A19103F-16F7-4668-BE54-9A1E7A4F7556}") = "Syrus.Plugins.HexRgb", "Plugins\Syrus.Plugins.HexRgb\Syrus.Plugins.HexRgb.csproj", "{840DAC6C-988D-43EB-9C7F-9FAF0E953E2C}"
EndProject
Project("{9A19103F-16F7-4668-BE54-9A1E7A4F7556}") = "Syrus.Plugins.TestPlugin", "Plugins\Syrus.Plugins.TestPlugin\Syrus.Plugins.TestPlugin.csproj", "{A579E1B7-3CF7-4E99-A3A9-A0783FF754D1}"
EndProject
Project("{9A19103F-16F7-4668-BE54-9A1E7A4F7556}") = "Syrus.Plugins.Translate", "Plugins\Syrus.Plugins.Translate\Syrus.Plugins.Translate.csproj", "{445A704E-19A4-4684-8556-C15EE74CFCC9}"
EndProject
Project("{9A19103F-16F7-4668-BE54-9A1E7A4F7556}") = "Syrus.Plugins.Weather", "Plugins\Syrus.Plugins.Weather\Syrus.Plugins.Weather.csproj", "{435555ED-3137-4735-A713-B2E4A1C38FCF}"
EndProject
Project("{9A19103F-16F7-4668-BE54-9A1E7A4F7556}") = "Syrus.Plugins.Wiki", "Plugins\Syrus.Plugins.Wiki\Syrus.Plugins.Wiki.csproj", "{39B4CF1C-3A98-40EF-AA66-B5D515564C25}"
EndProject
Project("{9A19103F-16F7-4668-BE54-9A1E7A4F7556}") = "Syrus.Plugins.Text", "Syrus.Plugins.Text\Syrus.Plugins.Text.csproj", "{9364E32A-AD7E-41D5-9A03-5089ACDADB93}"
EndProject
Project("{9A19103F-16F7-4668-BE54-9A1E7A4F7556}") = "Syrus.Shared", "Syrus.Utils\Syrus.Shared.csproj", "{6ABAEDD8-89A8-4E4E-BDDB-48C245B4590A}"
EndProject
Global
	GlobalSection(SolutionConfigurationPlatforms) = preSolution
		Debug|Any CPU = Debug|Any CPU
		Debug|ARM = Debug|ARM
		Debug|ARM64 = Debug|ARM64
		Debug|x64 = Debug|x64
		Debug|x86 = Debug|x86
		Release|Any CPU = Release|Any CPU
		Release|ARM = Release|ARM
		Release|ARM64 = Release|ARM64
		Release|x64 = Release|x64
		Release|x86 = Release|x86
	EndGlobalSection
	GlobalSection(ProjectConfigurationPlatforms) = postSolution
		{B8D322D1-97CE-4C1E-96FF-9ED7ED62521F}.Debug|Any CPU.ActiveCfg = Debug|Any CPU
		{B8D322D1-97CE-4C1E-96FF-9ED7ED62521F}.Debug|Any CPU.Build.0 = Debug|Any CPU
		{B8D322D1-97CE-4C1E-96FF-9ED7ED62521F}.Debug|ARM.ActiveCfg = Debug|Any CPU
		{B8D322D1-97CE-4C1E-96FF-9ED7ED62521F}.Debug|ARM.Build.0 = Debug|Any CPU
		{B8D322D1-97CE-4C1E-96FF-9ED7ED62521F}.Debug|ARM64.ActiveCfg = Debug|Any CPU
		{B8D322D1-97CE-4C1E-96FF-9ED7ED62521F}.Debug|ARM64.Build.0 = Debug|Any CPU
		{B8D322D1-97CE-4C1E-96FF-9ED7ED62521F}.Debug|x64.ActiveCfg = Debug|Any CPU
		{B8D322D1-97CE-4C1E-96FF-9ED7ED62521F}.Debug|x64.Build.0 = Debug|Any CPU
		{B8D322D1-97CE-4C1E-96FF-9ED7ED62521F}.Debug|x86.ActiveCfg = Debug|Any CPU
		{B8D322D1-97CE-4C1E-96FF-9ED7ED62521F}.Debug|x86.Build.0 = Debug|Any CPU
		{B8D322D1-97CE-4C1E-96FF-9ED7ED62521F}.Release|Any CPU.ActiveCfg = Release|Any CPU
		{B8D322D1-97CE-4C1E-96FF-9ED7ED62521F}.Release|Any CPU.Build.0 = Release|Any CPU
		{B8D322D1-97CE-4C1E-96FF-9ED7ED62521F}.Release|ARM.ActiveCfg = Release|Any CPU
		{B8D322D1-97CE-4C1E-96FF-9ED7ED62521F}.Release|ARM.Build.0 = Release|Any CPU
		{B8D322D1-97CE-4C1E-96FF-9ED7ED62521F}.Release|ARM64.ActiveCfg = Release|Any CPU
		{B8D322D1-97CE-4C1E-96FF-9ED7ED62521F}.Release|ARM64.Build.0 = Release|Any CPU
		{B8D322D1-97CE-4C1E-96FF-9ED7ED62521F}.Release|x64.ActiveCfg = Release|Any CPU
		{B8D322D1-97CE-4C1E-96FF-9ED7ED62521F}.Release|x64.Build.0 = Release|Any CPU
		{B8D322D1-97CE-4C1E-96FF-9ED7ED62521F}.Release|x86.ActiveCfg = Release|Any CPU
		{B8D322D1-97CE-4C1E-96FF-9ED7ED62521F}.Release|x86.Build.0 = Release|Any CPU
		{2A4C4C94-D31A-4775-AF52-88731E96BDB2}.Debug|Any CPU.ActiveCfg = Debug|Any CPU
		{2A4C4C94-D31A-4775-AF52-88731E96BDB2}.Debug|Any CPU.Build.0 = Debug|Any CPU
		{2A4C4C94-D31A-4775-AF52-88731E96BDB2}.Debug|ARM.ActiveCfg = Debug|Any CPU
		{2A4C4C94-D31A-4775-AF52-88731E96BDB2}.Debug|ARM.Build.0 = Debug|Any CPU
		{2A4C4C94-D31A-4775-AF52-88731E96BDB2}.Debug|ARM64.ActiveCfg = Debug|Any CPU
		{2A4C4C94-D31A-4775-AF52-88731E96BDB2}.Debug|ARM64.Build.0 = Debug|Any CPU
		{2A4C4C94-D31A-4775-AF52-88731E96BDB2}.Debug|x64.ActiveCfg = Debug|Any CPU
		{2A4C4C94-D31A-4775-AF52-88731E96BDB2}.Debug|x64.Build.0 = Debug|Any CPU
		{2A4C4C94-D31A-4775-AF52-88731E96BDB2}.Debug|x86.ActiveCfg = Debug|Any CPU
		{2A4C4C94-D31A-4775-AF52-88731E96BDB2}.Debug|x86.Build.0 = Debug|Any CPU
		{2A4C4C94-D31A-4775-AF52-88731E96BDB2}.Release|Any CPU.ActiveCfg = Release|Any CPU
		{2A4C4C94-D31A-4775-AF52-88731E96BDB2}.Release|Any CPU.Build.0 = Release|Any CPU
		{2A4C4C94-D31A-4775-AF52-88731E96BDB2}.Release|ARM.ActiveCfg = Release|Any CPU
		{2A4C4C94-D31A-4775-AF52-88731E96BDB2}.Release|ARM.Build.0 = Release|Any CPU
		{2A4C4C94-D31A-4775-AF52-88731E96BDB2}.Release|ARM64.ActiveCfg = Release|Any CPU
		{2A4C4C94-D31A-4775-AF52-88731E96BDB2}.Release|ARM64.Build.0 = Release|Any CPU
		{2A4C4C94-D31A-4775-AF52-88731E96BDB2}.Release|x64.ActiveCfg = Release|Any CPU
		{2A4C4C94-D31A-4775-AF52-88731E96BDB2}.Release|x64.Build.0 = Release|Any CPU
		{2A4C4C94-D31A-4775-AF52-88731E96BDB2}.Release|x86.ActiveCfg = Release|Any CPU
		{2A4C4C94-D31A-4775-AF52-88731E96BDB2}.Release|x86.Build.0 = Release|Any CPU
		{747C174E-C2F2-4A0B-B52D-EF7AE8AB287D}.Debug|Any CPU.ActiveCfg = Debug|Any CPU
		{747C174E-C2F2-4A0B-B52D-EF7AE8AB287D}.Debug|Any CPU.Build.0 = Debug|Any CPU
		{747C174E-C2F2-4A0B-B52D-EF7AE8AB287D}.Debug|ARM.ActiveCfg = Debug|Any CPU
		{747C174E-C2F2-4A0B-B52D-EF7AE8AB287D}.Debug|ARM.Build.0 = Debug|Any CPU
		{747C174E-C2F2-4A0B-B52D-EF7AE8AB287D}.Debug|ARM64.ActiveCfg = Debug|Any CPU
		{747C174E-C2F2-4A0B-B52D-EF7AE8AB287D}.Debug|ARM64.Build.0 = Debug|Any CPU
		{747C174E-C2F2-4A0B-B52D-EF7AE8AB287D}.Debug|x64.ActiveCfg = Debug|Any CPU
		{747C174E-C2F2-4A0B-B52D-EF7AE8AB287D}.Debug|x64.Build.0 = Debug|Any CPU
		{747C174E-C2F2-4A0B-B52D-EF7AE8AB287D}.Debug|x86.ActiveCfg = Debug|Any CPU
		{747C174E-C2F2-4A0B-B52D-EF7AE8AB287D}.Debug|x86.Build.0 = Debug|Any CPU
		{747C174E-C2F2-4A0B-B52D-EF7AE8AB287D}.Release|Any CPU.ActiveCfg = Release|Any CPU
		{747C174E-C2F2-4A0B-B52D-EF7AE8AB287D}.Release|Any CPU.Build.0 = Release|Any CPU
		{747C174E-C2F2-4A0B-B52D-EF7AE8AB287D}.Release|ARM.ActiveCfg = Release|Any CPU
		{747C174E-C2F2-4A0B-B52D-EF7AE8AB287D}.Release|ARM.Build.0 = Release|Any CPU
		{747C174E-C2F2-4A0B-B52D-EF7AE8AB287D}.Release|ARM64.ActiveCfg = Release|Any CPU
		{747C174E-C2F2-4A0B-B52D-EF7AE8AB287D}.Release|ARM64.Build.0 = Release|Any CPU
		{747C174E-C2F2-4A0B-B52D-EF7AE8AB287D}.Release|x64.ActiveCfg = Release|Any CPU
		{747C174E-C2F2-4A0B-B52D-EF7AE8AB287D}.Release|x64.Build.0 = Release|Any CPU
		{747C174E-C2F2-4A0B-B52D-EF7AE8AB287D}.Release|x86.ActiveCfg = Release|Any CPU
		{747C174E-C2F2-4A0B-B52D-EF7AE8AB287D}.Release|x86.Build.0 = Release|Any CPU
		{287FA7A9-CA84-4B8E-A716-5B120BE684F3}.Debug|Any CPU.ActiveCfg = Debug|Any CPU
		{287FA7A9-CA84-4B8E-A716-5B120BE684F3}.Debug|Any CPU.Build.0 = Debug|Any CPU
		{287FA7A9-CA84-4B8E-A716-5B120BE684F3}.Debug|ARM.ActiveCfg = Debug|Any CPU
		{287FA7A9-CA84-4B8E-A716-5B120BE684F3}.Debug|ARM.Build.0 = Debug|Any CPU
		{287FA7A9-CA84-4B8E-A716-5B120BE684F3}.Debug|ARM64.ActiveCfg = Debug|Any CPU
		{287FA7A9-CA84-4B8E-A716-5B120BE684F3}.Debug|ARM64.Build.0 = Debug|Any CPU
		{287FA7A9-CA84-4B8E-A716-5B120BE684F3}.Debug|x64.ActiveCfg = Debug|Any CPU
		{287FA7A9-CA84-4B8E-A716-5B120BE684F3}.Debug|x64.Build.0 = Debug|Any CPU
		{287FA7A9-CA84-4B8E-A716-5B120BE684F3}.Debug|x86.ActiveCfg = Debug|Any CPU
		{287FA7A9-CA84-4B8E-A716-5B120BE684F3}.Debug|x86.Build.0 = Debug|Any CPU
		{287FA7A9-CA84-4B8E-A716-5B120BE684F3}.Release|Any CPU.ActiveCfg = Release|Any CPU
		{287FA7A9-CA84-4B8E-A716-5B120BE684F3}.Release|Any CPU.Build.0 = Release|Any CPU
		{287FA7A9-CA84-4B8E-A716-5B120BE684F3}.Release|ARM.ActiveCfg = Release|Any CPU
		{287FA7A9-CA84-4B8E-A716-5B120BE684F3}.Release|ARM.Build.0 = Release|Any CPU
		{287FA7A9-CA84-4B8E-A716-5B120BE684F3}.Release|ARM64.ActiveCfg = Release|Any CPU
		{287FA7A9-CA84-4B8E-A716-5B120BE684F3}.Release|ARM64.Build.0 = Release|Any CPU
		{287FA7A9-CA84-4B8E-A716-5B120BE684F3}.Release|x64.ActiveCfg = Release|Any CPU
		{287FA7A9-CA84-4B8E-A716-5B120BE684F3}.Release|x64.Build.0 = Release|Any CPU
		{287FA7A9-CA84-4B8E-A716-5B120BE684F3}.Release|x86.ActiveCfg = Release|Any CPU
		{287FA7A9-CA84-4B8E-A716-5B120BE684F3}.Release|x86.Build.0 = Release|Any CPU
		{3615CC0F-EFAC-4EFD-86F4-0B0344B96434}.Debug|Any CPU.ActiveCfg = Debug|Any CPU
		{3615CC0F-EFAC-4EFD-86F4-0B0344B96434}.Debug|Any CPU.Build.0 = Debug|Any CPU
		{3615CC0F-EFAC-4EFD-86F4-0B0344B96434}.Debug|ARM.ActiveCfg = Debug|Any CPU
		{3615CC0F-EFAC-4EFD-86F4-0B0344B96434}.Debug|ARM.Build.0 = Debug|Any CPU
		{3615CC0F-EFAC-4EFD-86F4-0B0344B96434}.Debug|ARM64.ActiveCfg = Debug|Any CPU
		{3615CC0F-EFAC-4EFD-86F4-0B0344B96434}.Debug|ARM64.Build.0 = Debug|Any CPU
		{3615CC0F-EFAC-4EFD-86F4-0B0344B96434}.Debug|x64.ActiveCfg = Debug|Any CPU
		{3615CC0F-EFAC-4EFD-86F4-0B0344B96434}.Debug|x64.Build.0 = Debug|Any CPU
		{3615CC0F-EFAC-4EFD-86F4-0B0344B96434}.Debug|x86.ActiveCfg = Debug|Any CPU
		{3615CC0F-EFAC-4EFD-86F4-0B0344B96434}.Debug|x86.Build.0 = Debug|Any CPU
		{3615CC0F-EFAC-4EFD-86F4-0B0344B96434}.Release|Any CPU.ActiveCfg = Release|Any CPU
		{3615CC0F-EFAC-4EFD-86F4-0B0344B96434}.Release|Any CPU.Build.0 = Release|Any CPU
		{3615CC0F-EFAC-4EFD-86F4-0B0344B96434}.Release|ARM.ActiveCfg = Release|Any CPU
		{3615CC0F-EFAC-4EFD-86F4-0B0344B96434}.Release|ARM.Build.0 = Release|Any CPU
		{3615CC0F-EFAC-4EFD-86F4-0B0344B96434}.Release|ARM64.ActiveCfg = Release|Any CPU
		{3615CC0F-EFAC-4EFD-86F4-0B0344B96434}.Release|ARM64.Build.0 = Release|Any CPU
		{3615CC0F-EFAC-4EFD-86F4-0B0344B96434}.Release|x64.ActiveCfg = Release|Any CPU
		{3615CC0F-EFAC-4EFD-86F4-0B0344B96434}.Release|x64.Build.0 = Release|Any CPU
		{3615CC0F-EFAC-4EFD-86F4-0B0344B96434}.Release|x86.ActiveCfg = Release|Any CPU
		{3615CC0F-EFAC-4EFD-86F4-0B0344B96434}.Release|x86.Build.0 = Release|Any CPU
		{B0AC1DF3-5842-4CB9-8C27-519CDAABF037}.Debug|Any CPU.ActiveCfg = Debug|Any CPU
		{B0AC1DF3-5842-4CB9-8C27-519CDAABF037}.Debug|Any CPU.Build.0 = Debug|Any CPU
		{B0AC1DF3-5842-4CB9-8C27-519CDAABF037}.Debug|ARM.ActiveCfg = Debug|Any CPU
		{B0AC1DF3-5842-4CB9-8C27-519CDAABF037}.Debug|ARM.Build.0 = Debug|Any CPU
		{B0AC1DF3-5842-4CB9-8C27-519CDAABF037}.Debug|ARM64.ActiveCfg = Debug|Any CPU
		{B0AC1DF3-5842-4CB9-8C27-519CDAABF037}.Debug|ARM64.Build.0 = Debug|Any CPU
		{B0AC1DF3-5842-4CB9-8C27-519CDAABF037}.Debug|x64.ActiveCfg = Debug|Any CPU
		{B0AC1DF3-5842-4CB9-8C27-519CDAABF037}.Debug|x64.Build.0 = Debug|Any CPU
		{B0AC1DF3-5842-4CB9-8C27-519CDAABF037}.Debug|x86.ActiveCfg = Debug|Any CPU
		{B0AC1DF3-5842-4CB9-8C27-519CDAABF037}.Debug|x86.Build.0 = Debug|Any CPU
		{B0AC1DF3-5842-4CB9-8C27-519CDAABF037}.Release|Any CPU.ActiveCfg = Release|Any CPU
		{B0AC1DF3-5842-4CB9-8C27-519CDAABF037}.Release|Any CPU.Build.0 = Release|Any CPU
		{B0AC1DF3-5842-4CB9-8C27-519CDAABF037}.Release|ARM.ActiveCfg = Release|Any CPU
		{B0AC1DF3-5842-4CB9-8C27-519CDAABF037}.Release|ARM.Build.0 = Release|Any CPU
		{B0AC1DF3-5842-4CB9-8C27-519CDAABF037}.Release|ARM64.ActiveCfg = Release|Any CPU
		{B0AC1DF3-5842-4CB9-8C27-519CDAABF037}.Release|ARM64.Build.0 = Release|Any CPU
		{B0AC1DF3-5842-4CB9-8C27-519CDAABF037}.Release|x64.ActiveCfg = Release|Any CPU
		{B0AC1DF3-5842-4CB9-8C27-519CDAABF037}.Release|x64.Build.0 = Release|Any CPU
		{B0AC1DF3-5842-4CB9-8C27-519CDAABF037}.Release|x86.ActiveCfg = Release|Any CPU
		{B0AC1DF3-5842-4CB9-8C27-519CDAABF037}.Release|x86.Build.0 = Release|Any CPU
		{52AD4289-602E-45DE-8027-3AD764BF77AE}.Debug|Any CPU.ActiveCfg = Debug|Any CPU
		{52AD4289-602E-45DE-8027-3AD764BF77AE}.Debug|Any CPU.Build.0 = Debug|Any CPU
		{52AD4289-602E-45DE-8027-3AD764BF77AE}.Debug|ARM.ActiveCfg = Debug|Any CPU
		{52AD4289-602E-45DE-8027-3AD764BF77AE}.Debug|ARM.Build.0 = Debug|Any CPU
		{52AD4289-602E-45DE-8027-3AD764BF77AE}.Debug|ARM64.ActiveCfg = Debug|Any CPU
		{52AD4289-602E-45DE-8027-3AD764BF77AE}.Debug|ARM64.Build.0 = Debug|Any CPU
		{52AD4289-602E-45DE-8027-3AD764BF77AE}.Debug|x64.ActiveCfg = Debug|Any CPU
		{52AD4289-602E-45DE-8027-3AD764BF77AE}.Debug|x64.Build.0 = Debug|Any CPU
		{52AD4289-602E-45DE-8027-3AD764BF77AE}.Debug|x86.ActiveCfg = Debug|Any CPU
		{52AD4289-602E-45DE-8027-3AD764BF77AE}.Debug|x86.Build.0 = Debug|Any CPU
		{52AD4289-602E-45DE-8027-3AD764BF77AE}.Release|Any CPU.ActiveCfg = Release|Any CPU
		{52AD4289-602E-45DE-8027-3AD764BF77AE}.Release|Any CPU.Build.0 = Release|Any CPU
		{52AD4289-602E-45DE-8027-3AD764BF77AE}.Release|ARM.ActiveCfg = Release|Any CPU
		{52AD4289-602E-45DE-8027-3AD764BF77AE}.Release|ARM.Build.0 = Release|Any CPU
		{52AD4289-602E-45DE-8027-3AD764BF77AE}.Release|ARM64.ActiveCfg = Release|Any CPU
		{52AD4289-602E-45DE-8027-3AD764BF77AE}.Release|ARM64.Build.0 = Release|Any CPU
		{52AD4289-602E-45DE-8027-3AD764BF77AE}.Release|x64.ActiveCfg = Release|Any CPU
		{52AD4289-602E-45DE-8027-3AD764BF77AE}.Release|x64.Build.0 = Release|Any CPU
		{52AD4289-602E-45DE-8027-3AD764BF77AE}.Release|x86.ActiveCfg = Release|Any CPU
		{52AD4289-602E-45DE-8027-3AD764BF77AE}.Release|x86.Build.0 = Release|Any CPU
		{D181A2E1-8DDD-4894-801C-65DD3E8B7119}.Debug|Any CPU.ActiveCfg = Debug|Any CPU
		{D181A2E1-8DDD-4894-801C-65DD3E8B7119}.Debug|Any CPU.Build.0 = Debug|Any CPU
		{D181A2E1-8DDD-4894-801C-65DD3E8B7119}.Debug|ARM.ActiveCfg = Debug|Any CPU
		{D181A2E1-8DDD-4894-801C-65DD3E8B7119}.Debug|ARM.Build.0 = Debug|Any CPU
		{D181A2E1-8DDD-4894-801C-65DD3E8B7119}.Debug|ARM64.ActiveCfg = Debug|Any CPU
		{D181A2E1-8DDD-4894-801C-65DD3E8B7119}.Debug|ARM64.Build.0 = Debug|Any CPU
		{D181A2E1-8DDD-4894-801C-65DD3E8B7119}.Debug|x64.ActiveCfg = Debug|Any CPU
		{D181A2E1-8DDD-4894-801C-65DD3E8B7119}.Debug|x64.Build.0 = Debug|Any CPU
		{D181A2E1-8DDD-4894-801C-65DD3E8B7119}.Debug|x86.ActiveCfg = Debug|Any CPU
		{D181A2E1-8DDD-4894-801C-65DD3E8B7119}.Debug|x86.Build.0 = Debug|Any CPU
		{D181A2E1-8DDD-4894-801C-65DD3E8B7119}.Release|Any CPU.ActiveCfg = Release|Any CPU
		{D181A2E1-8DDD-4894-801C-65DD3E8B7119}.Release|Any CPU.Build.0 = Release|Any CPU
		{D181A2E1-8DDD-4894-801C-65DD3E8B7119}.Release|ARM.ActiveCfg = Release|Any CPU
		{D181A2E1-8DDD-4894-801C-65DD3E8B7119}.Release|ARM.Build.0 = Release|Any CPU
		{D181A2E1-8DDD-4894-801C-65DD3E8B7119}.Release|ARM64.ActiveCfg = Release|Any CPU
		{D181A2E1-8DDD-4894-801C-65DD3E8B7119}.Release|ARM64.Build.0 = Release|Any CPU
		{D181A2E1-8DDD-4894-801C-65DD3E8B7119}.Release|x64.ActiveCfg = Release|Any CPU
		{D181A2E1-8DDD-4894-801C-65DD3E8B7119}.Release|x64.Build.0 = Release|Any CPU
		{D181A2E1-8DDD-4894-801C-65DD3E8B7119}.Release|x86.ActiveCfg = Release|Any CPU
		{D181A2E1-8DDD-4894-801C-65DD3E8B7119}.Release|x86.Build.0 = Release|Any CPU
		{840DAC6C-988D-43EB-9C7F-9FAF0E953E2C}.Debug|Any CPU.ActiveCfg = Debug|Any CPU
		{840DAC6C-988D-43EB-9C7F-9FAF0E953E2C}.Debug|Any CPU.Build.0 = Debug|Any CPU
		{840DAC6C-988D-43EB-9C7F-9FAF0E953E2C}.Debug|ARM.ActiveCfg = Debug|Any CPU
		{840DAC6C-988D-43EB-9C7F-9FAF0E953E2C}.Debug|ARM.Build.0 = Debug|Any CPU
		{840DAC6C-988D-43EB-9C7F-9FAF0E953E2C}.Debug|ARM64.ActiveCfg = Debug|Any CPU
		{840DAC6C-988D-43EB-9C7F-9FAF0E953E2C}.Debug|ARM64.Build.0 = Debug|Any CPU
		{840DAC6C-988D-43EB-9C7F-9FAF0E953E2C}.Debug|x64.ActiveCfg = Debug|Any CPU
		{840DAC6C-988D-43EB-9C7F-9FAF0E953E2C}.Debug|x64.Build.0 = Debug|Any CPU
		{840DAC6C-988D-43EB-9C7F-9FAF0E953E2C}.Debug|x86.ActiveCfg = Debug|Any CPU
		{840DAC6C-988D-43EB-9C7F-9FAF0E953E2C}.Debug|x86.Build.0 = Debug|Any CPU
		{840DAC6C-988D-43EB-9C7F-9FAF0E953E2C}.Release|Any CPU.ActiveCfg = Release|Any CPU
		{840DAC6C-988D-43EB-9C7F-9FAF0E953E2C}.Release|Any CPU.Build.0 = Release|Any CPU
		{840DAC6C-988D-43EB-9C7F-9FAF0E953E2C}.Release|ARM.ActiveCfg = Release|Any CPU
		{840DAC6C-988D-43EB-9C7F-9FAF0E953E2C}.Release|ARM.Build.0 = Release|Any CPU
		{840DAC6C-988D-43EB-9C7F-9FAF0E953E2C}.Release|ARM64.ActiveCfg = Release|Any CPU
		{840DAC6C-988D-43EB-9C7F-9FAF0E953E2C}.Release|ARM64.Build.0 = Release|Any CPU
		{840DAC6C-988D-43EB-9C7F-9FAF0E953E2C}.Release|x64.ActiveCfg = Release|Any CPU
		{840DAC6C-988D-43EB-9C7F-9FAF0E953E2C}.Release|x64.Build.0 = Release|Any CPU
		{840DAC6C-988D-43EB-9C7F-9FAF0E953E2C}.Release|x86.ActiveCfg = Release|Any CPU
		{840DAC6C-988D-43EB-9C7F-9FAF0E953E2C}.Release|x86.Build.0 = Release|Any CPU
		{A579E1B7-3CF7-4E99-A3A9-A0783FF754D1}.Debug|Any CPU.ActiveCfg = Debug|Any CPU
		{A579E1B7-3CF7-4E99-A3A9-A0783FF754D1}.Debug|Any CPU.Build.0 = Debug|Any CPU
		{A579E1B7-3CF7-4E99-A3A9-A0783FF754D1}.Debug|ARM.ActiveCfg = Debug|Any CPU
		{A579E1B7-3CF7-4E99-A3A9-A0783FF754D1}.Debug|ARM.Build.0 = Debug|Any CPU
		{A579E1B7-3CF7-4E99-A3A9-A0783FF754D1}.Debug|ARM64.ActiveCfg = Debug|Any CPU
		{A579E1B7-3CF7-4E99-A3A9-A0783FF754D1}.Debug|ARM64.Build.0 = Debug|Any CPU
		{A579E1B7-3CF7-4E99-A3A9-A0783FF754D1}.Debug|x64.ActiveCfg = Debug|Any CPU
		{A579E1B7-3CF7-4E99-A3A9-A0783FF754D1}.Debug|x64.Build.0 = Debug|Any CPU
		{A579E1B7-3CF7-4E99-A3A9-A0783FF754D1}.Debug|x86.ActiveCfg = Debug|Any CPU
		{A579E1B7-3CF7-4E99-A3A9-A0783FF754D1}.Debug|x86.Build.0 = Debug|Any CPU
		{A579E1B7-3CF7-4E99-A3A9-A0783FF754D1}.Release|Any CPU.ActiveCfg = Release|Any CPU
		{A579E1B7-3CF7-4E99-A3A9-A0783FF754D1}.Release|Any CPU.Build.0 = Release|Any CPU
		{A579E1B7-3CF7-4E99-A3A9-A0783FF754D1}.Release|ARM.ActiveCfg = Release|Any CPU
		{A579E1B7-3CF7-4E99-A3A9-A0783FF754D1}.Release|ARM.Build.0 = Release|Any CPU
		{A579E1B7-3CF7-4E99-A3A9-A0783FF754D1}.Release|ARM64.ActiveCfg = Release|Any CPU
		{A579E1B7-3CF7-4E99-A3A9-A0783FF754D1}.Release|ARM64.Build.0 = Release|Any CPU
		{A579E1B7-3CF7-4E99-A3A9-A0783FF754D1}.Release|x64.ActiveCfg = Release|Any CPU
		{A579E1B7-3CF7-4E99-A3A9-A0783FF754D1}.Release|x64.Build.0 = Release|Any CPU
		{A579E1B7-3CF7-4E99-A3A9-A0783FF754D1}.Release|x86.ActiveCfg = Release|Any CPU
		{A579E1B7-3CF7-4E99-A3A9-A0783FF754D1}.Release|x86.Build.0 = Release|Any CPU
		{445A704E-19A4-4684-8556-C15EE74CFCC9}.Debug|Any CPU.ActiveCfg = Debug|Any CPU
		{445A704E-19A4-4684-8556-C15EE74CFCC9}.Debug|Any CPU.Build.0 = Debug|Any CPU
		{445A704E-19A4-4684-8556-C15EE74CFCC9}.Debug|ARM.ActiveCfg = Debug|Any CPU
		{445A704E-19A4-4684-8556-C15EE74CFCC9}.Debug|ARM.Build.0 = Debug|Any CPU
		{445A704E-19A4-4684-8556-C15EE74CFCC9}.Debug|ARM64.ActiveCfg = Debug|Any CPU
		{445A704E-19A4-4684-8556-C15EE74CFCC9}.Debug|ARM64.Build.0 = Debug|Any CPU
		{445A704E-19A4-4684-8556-C15EE74CFCC9}.Debug|x64.ActiveCfg = Debug|Any CPU
		{445A704E-19A4-4684-8556-C15EE74CFCC9}.Debug|x64.Build.0 = Debug|Any CPU
		{445A704E-19A4-4684-8556-C15EE74CFCC9}.Debug|x86.ActiveCfg = Debug|Any CPU
		{445A704E-19A4-4684-8556-C15EE74CFCC9}.Debug|x86.Build.0 = Debug|Any CPU
		{445A704E-19A4-4684-8556-C15EE74CFCC9}.Release|Any CPU.ActiveCfg = Release|Any CPU
		{445A704E-19A4-4684-8556-C15EE74CFCC9}.Release|Any CPU.Build.0 = Release|Any CPU
		{445A704E-19A4-4684-8556-C15EE74CFCC9}.Release|ARM.ActiveCfg = Release|Any CPU
		{445A704E-19A4-4684-8556-C15EE74CFCC9}.Release|ARM.Build.0 = Release|Any CPU
		{445A704E-19A4-4684-8556-C15EE74CFCC9}.Release|ARM64.ActiveCfg = Release|Any CPU
		{445A704E-19A4-4684-8556-C15EE74CFCC9}.Release|ARM64.Build.0 = Release|Any CPU
		{445A704E-19A4-4684-8556-C15EE74CFCC9}.Release|x64.ActiveCfg = Release|Any CPU
		{445A704E-19A4-4684-8556-C15EE74CFCC9}.Release|x64.Build.0 = Release|Any CPU
		{445A704E-19A4-4684-8556-C15EE74CFCC9}.Release|x86.ActiveCfg = Release|Any CPU
		{445A704E-19A4-4684-8556-C15EE74CFCC9}.Release|x86.Build.0 = Release|Any CPU
		{435555ED-3137-4735-A713-B2E4A1C38FCF}.Debug|Any CPU.ActiveCfg = Debug|Any CPU
		{435555ED-3137-4735-A713-B2E4A1C38FCF}.Debug|Any CPU.Build.0 = Debug|Any CPU
		{435555ED-3137-4735-A713-B2E4A1C38FCF}.Debug|ARM.ActiveCfg = Debug|Any CPU
		{435555ED-3137-4735-A713-B2E4A1C38FCF}.Debug|ARM.Build.0 = Debug|Any CPU
		{435555ED-3137-4735-A713-B2E4A1C38FCF}.Debug|ARM64.ActiveCfg = Debug|Any CPU
		{435555ED-3137-4735-A713-B2E4A1C38FCF}.Debug|ARM64.Build.0 = Debug|Any CPU
		{435555ED-3137-4735-A713-B2E4A1C38FCF}.Debug|x64.ActiveCfg = Debug|Any CPU
		{435555ED-3137-4735-A713-B2E4A1C38FCF}.Debug|x64.Build.0 = Debug|Any CPU
		{435555ED-3137-4735-A713-B2E4A1C38FCF}.Debug|x86.ActiveCfg = Debug|Any CPU
		{435555ED-3137-4735-A713-B2E4A1C38FCF}.Debug|x86.Build.0 = Debug|Any CPU
		{435555ED-3137-4735-A713-B2E4A1C38FCF}.Release|Any CPU.ActiveCfg = Release|Any CPU
		{435555ED-3137-4735-A713-B2E4A1C38FCF}.Release|Any CPU.Build.0 = Release|Any CPU
		{435555ED-3137-4735-A713-B2E4A1C38FCF}.Release|ARM.ActiveCfg = Release|Any CPU
		{435555ED-3137-4735-A713-B2E4A1C38FCF}.Release|ARM.Build.0 = Release|Any CPU
		{435555ED-3137-4735-A713-B2E4A1C38FCF}.Release|ARM64.ActiveCfg = Release|Any CPU
		{435555ED-3137-4735-A713-B2E4A1C38FCF}.Release|ARM64.Build.0 = Release|Any CPU
		{435555ED-3137-4735-A713-B2E4A1C38FCF}.Release|x64.ActiveCfg = Release|Any CPU
		{435555ED-3137-4735-A713-B2E4A1C38FCF}.Release|x64.Build.0 = Release|Any CPU
		{435555ED-3137-4735-A713-B2E4A1C38FCF}.Release|x86.ActiveCfg = Release|Any CPU
		{435555ED-3137-4735-A713-B2E4A1C38FCF}.Release|x86.Build.0 = Release|Any CPU
		{39B4CF1C-3A98-40EF-AA66-B5D515564C25}.Debug|Any CPU.ActiveCfg = Debug|Any CPU
		{39B4CF1C-3A98-40EF-AA66-B5D515564C25}.Debug|Any CPU.Build.0 = Debug|Any CPU
		{39B4CF1C-3A98-40EF-AA66-B5D515564C25}.Debug|ARM.ActiveCfg = Debug|Any CPU
		{39B4CF1C-3A98-40EF-AA66-B5D515564C25}.Debug|ARM.Build.0 = Debug|Any CPU
		{39B4CF1C-3A98-40EF-AA66-B5D515564C25}.Debug|ARM64.ActiveCfg = Debug|Any CPU
		{39B4CF1C-3A98-40EF-AA66-B5D515564C25}.Debug|ARM64.Build.0 = Debug|Any CPU
		{39B4CF1C-3A98-40EF-AA66-B5D515564C25}.Debug|x64.ActiveCfg = Debug|Any CPU
		{39B4CF1C-3A98-40EF-AA66-B5D515564C25}.Debug|x64.Build.0 = Debug|Any CPU
		{39B4CF1C-3A98-40EF-AA66-B5D515564C25}.Debug|x86.ActiveCfg = Debug|Any CPU
		{39B4CF1C-3A98-40EF-AA66-B5D515564C25}.Debug|x86.Build.0 = Debug|Any CPU
		{39B4CF1C-3A98-40EF-AA66-B5D515564C25}.Release|Any CPU.ActiveCfg = Release|Any CPU
		{39B4CF1C-3A98-40EF-AA66-B5D515564C25}.Release|Any CPU.Build.0 = Release|Any CPU
		{39B4CF1C-3A98-40EF-AA66-B5D515564C25}.Release|ARM.ActiveCfg = Release|Any CPU
		{39B4CF1C-3A98-40EF-AA66-B5D515564C25}.Release|ARM.Build.0 = Release|Any CPU
		{39B4CF1C-3A98-40EF-AA66-B5D515564C25}.Release|ARM64.ActiveCfg = Release|Any CPU
		{39B4CF1C-3A98-40EF-AA66-B5D515564C25}.Release|ARM64.Build.0 = Release|Any CPU
		{39B4CF1C-3A98-40EF-AA66-B5D515564C25}.Release|x64.ActiveCfg = Release|Any CPU
		{39B4CF1C-3A98-40EF-AA66-B5D515564C25}.Release|x64.Build.0 = Release|Any CPU
		{39B4CF1C-3A98-40EF-AA66-B5D515564C25}.Release|x86.ActiveCfg = Release|Any CPU
		{39B4CF1C-3A98-40EF-AA66-B5D515564C25}.Release|x86.Build.0 = Release|Any CPU
		{9364E32A-AD7E-41D5-9A03-5089ACDADB93}.Debug|Any CPU.ActiveCfg = Debug|Any CPU
		{9364E32A-AD7E-41D5-9A03-5089ACDADB93}.Debug|Any CPU.Build.0 = Debug|Any CPU
		{9364E32A-AD7E-41D5-9A03-5089ACDADB93}.Debug|ARM.ActiveCfg = Debug|Any CPU
		{9364E32A-AD7E-41D5-9A03-5089ACDADB93}.Debug|ARM.Build.0 = Debug|Any CPU
		{9364E32A-AD7E-41D5-9A03-5089ACDADB93}.Debug|ARM64.ActiveCfg = Debug|Any CPU
		{9364E32A-AD7E-41D5-9A03-5089ACDADB93}.Debug|ARM64.Build.0 = Debug|Any CPU
		{9364E32A-AD7E-41D5-9A03-5089ACDADB93}.Debug|x64.ActiveCfg = Debug|Any CPU
		{9364E32A-AD7E-41D5-9A03-5089ACDADB93}.Debug|x64.Build.0 = Debug|Any CPU
		{9364E32A-AD7E-41D5-9A03-5089ACDADB93}.Debug|x86.ActiveCfg = Debug|Any CPU
		{9364E32A-AD7E-41D5-9A03-5089ACDADB93}.Debug|x86.Build.0 = Debug|Any CPU
		{9364E32A-AD7E-41D5-9A03-5089ACDADB93}.Release|Any CPU.ActiveCfg = Release|Any CPU
		{9364E32A-AD7E-41D5-9A03-5089ACDADB93}.Release|Any CPU.Build.0 = Release|Any CPU
		{9364E32A-AD7E-41D5-9A03-5089ACDADB93}.Release|ARM.ActiveCfg = Release|Any CPU
		{9364E32A-AD7E-41D5-9A03-5089ACDADB93}.Release|ARM.Build.0 = Release|Any CPU
		{9364E32A-AD7E-41D5-9A03-5089ACDADB93}.Release|ARM64.ActiveCfg = Release|Any CPU
		{9364E32A-AD7E-41D5-9A03-5089ACDADB93}.Release|ARM64.Build.0 = Release|Any CPU
		{9364E32A-AD7E-41D5-9A03-5089ACDADB93}.Release|x64.ActiveCfg = Release|Any CPU
		{9364E32A-AD7E-41D5-9A03-5089ACDADB93}.Release|x64.Build.0 = Release|Any CPU
		{9364E32A-AD7E-41D5-9A03-5089ACDADB93}.Release|x86.ActiveCfg = Release|Any CPU
		{9364E32A-AD7E-41D5-9A03-5089ACDADB93}.Release|x86.Build.0 = Release|Any CPU
		{6ABAEDD8-89A8-4E4E-BDDB-48C245B4590A}.Debug|Any CPU.ActiveCfg = Debug|Any CPU
		{6ABAEDD8-89A8-4E4E-BDDB-48C245B4590A}.Debug|Any CPU.Build.0 = Debug|Any CPU
		{6ABAEDD8-89A8-4E4E-BDDB-48C245B4590A}.Debug|ARM.ActiveCfg = Debug|Any CPU
		{6ABAEDD8-89A8-4E4E-BDDB-48C245B4590A}.Debug|ARM.Build.0 = Debug|Any CPU
		{6ABAEDD8-89A8-4E4E-BDDB-48C245B4590A}.Debug|ARM64.ActiveCfg = Debug|Any CPU
		{6ABAEDD8-89A8-4E4E-BDDB-48C245B4590A}.Debug|ARM64.Build.0 = Debug|Any CPU
		{6ABAEDD8-89A8-4E4E-BDDB-48C245B4590A}.Debug|x64.ActiveCfg = Debug|Any CPU
		{6ABAEDD8-89A8-4E4E-BDDB-48C245B4590A}.Debug|x64.Build.0 = Debug|Any CPU
		{6ABAEDD8-89A8-4E4E-BDDB-48C245B4590A}.Debug|x86.ActiveCfg = Debug|Any CPU
		{6ABAEDD8-89A8-4E4E-BDDB-48C245B4590A}.Debug|x86.Build.0 = Debug|Any CPU
		{6ABAEDD8-89A8-4E4E-BDDB-48C245B4590A}.Release|Any CPU.ActiveCfg = Release|Any CPU
		{6ABAEDD8-89A8-4E4E-BDDB-48C245B4590A}.Release|Any CPU.Build.0 = Release|Any CPU
		{6ABAEDD8-89A8-4E4E-BDDB-48C245B4590A}.Release|ARM.ActiveCfg = Release|Any CPU
		{6ABAEDD8-89A8-4E4E-BDDB-48C245B4590A}.Release|ARM.Build.0 = Release|Any CPU
		{6ABAEDD8-89A8-4E4E-BDDB-48C245B4590A}.Release|ARM64.ActiveCfg = Release|Any CPU
		{6ABAEDD8-89A8-4E4E-BDDB-48C245B4590A}.Release|ARM64.Build.0 = Release|Any CPU
		{6ABAEDD8-89A8-4E4E-BDDB-48C245B4590A}.Release|x64.ActiveCfg = Release|Any CPU
		{6ABAEDD8-89A8-4E4E-BDDB-48C245B4590A}.Release|x64.Build.0 = Release|Any CPU
		{6ABAEDD8-89A8-4E4E-BDDB-48C245B4590A}.Release|x86.ActiveCfg = Release|Any CPU
		{6ABAEDD8-89A8-4E4E-BDDB-48C245B4590A}.Release|x86.Build.0 = Release|Any CPU
	EndGlobalSection
	GlobalSection(SolutionProperties) = preSolution
		HideSolutionNode = FALSE
	EndGlobalSection
	GlobalSection(NestedProjects) = preSolution
		{B0AC1DF3-5842-4CB9-8C27-519CDAABF037} = {CDD23E2D-8382-450C-9933-DFD5F2EF435B}
		{52AD4289-602E-45DE-8027-3AD764BF77AE} = {CDD23E2D-8382-450C-9933-DFD5F2EF435B}
		{D181A2E1-8DDD-4894-801C-65DD3E8B7119} = {CDD23E2D-8382-450C-9933-DFD5F2EF435B}
		{840DAC6C-988D-43EB-9C7F-9FAF0E953E2C} = {CDD23E2D-8382-450C-9933-DFD5F2EF435B}
		{A579E1B7-3CF7-4E99-A3A9-A0783FF754D1} = {CDD23E2D-8382-450C-9933-DFD5F2EF435B}
		{445A704E-19A4-4684-8556-C15EE74CFCC9} = {CDD23E2D-8382-450C-9933-DFD5F2EF435B}
		{435555ED-3137-4735-A713-B2E4A1C38FCF} = {CDD23E2D-8382-450C-9933-DFD5F2EF435B}
		{39B4CF1C-3A98-40EF-AA66-B5D515564C25} = {CDD23E2D-8382-450C-9933-DFD5F2EF435B}
		{9364E32A-AD7E-41D5-9A03-5089ACDADB93} = {CDD23E2D-8382-450C-9933-DFD5F2EF435B}
	EndGlobalSection
	GlobalSection(ExtensibilityGlobals) = postSolution
		SolutionGuid = {D9BE9422-F363-4BB7-91FA-2C03EDF61658}
	EndGlobalSection
EndGlobal
